
Microsoft Visual Studio Solution File, Format Version 12.00
# Visual Studio Version 17
VisualStudioVersion = 17.7.34031.279
MinimumVisualStudioVersion = 10.0.40219.1
Project("{8BC9CEB8-8B4A-11D0-8D11-00A0C91BC942}") = "KursovV3", "KursovV3\KursovV3.vcxproj", "{8CD816E5-50FB-4976-848B-FBF83E9320AE}"
EndProject
Global
	GlobalSection(SolutionConfigurationPlatforms) = preSolution
		Debug|x64 = Debug|x64
		Debug|x86 = Debug|x86
		Release|x64 = Release|x64
		Release|x86 = Release|x86
	EndGlobalSection
	GlobalSection(ProjectConfigurationPlatforms) = postSolution
		{8CD816E5-50FB-4976-848B-FBF83E9320AE}.Debug|x64.ActiveCfg = Debug|x64
		{8CD816E5-50FB-4976-848B-FBF83E9320AE}.Debug|x64.Build.0 = Debug|x64
		{8CD816E5-50FB-4976-848B-FBF83E9320AE}.Debug|x86.ActiveCfg = Debug|Win32
		{8CD816E5-50FB-4976-848B-FBF83E9320AE}.Debug|x86.Build.0 = Debug|Win32
		{8CD816E5-50FB-4976-848B-FBF83E9320AE}.Release|x64.ActiveCfg = Release|x64
		{8CD816E5-50FB-4976-848B-FBF83E9320AE}.Release|x64.Build.0 = Release|x64
		{8CD816E5-50FB-4976-848B-FBF83E9320AE}.Release|x86.ActiveCfg = Release|Win32
		{8CD816E5-50FB-4976-848B-FBF83E9320AE}.Release|x86.Build.0 = Release|Win32
	EndGlobalSection
	GlobalSection(SolutionProperties) = preSolution
		HideSolutionNode = FALSE
	EndGlobalSection
	GlobalSection(ExtensibilityGlobals) = postSolution
		SolutionGuid = {45979F6E-6D93-44BB-BFF5-385873D4380E}
	EndGlobalSection
EndGlobal
